
Microsoft Visual Studio Solution File, Format Version 12.00
# Visual Studio Version 17
VisualStudioVersion = 17.5.33424.131
MinimumVisualStudioVersion = 10.0.40219.1
Project("{FAE04EC0-301F-11D3-BF4B-00C04F79EFBC}") = "H1_Robots", "H1_Robots\H1_Robots.csproj", "{7C98383A-3983-4898-B3D9-2361A70404EF}"
EndProject
Global
	GlobalSection(SolutionConfigurationPlatforms) = preSolution
		Debug|Any CPU = Debug|Any CPU
		Release|Any CPU = Release|Any CPU
	EndGlobalSection
	GlobalSection(ProjectConfigurationPlatforms) = postSolution
		{7C98383A-3983-4898-B3D9-2361A70404EF}.Debug|Any CPU.ActiveCfg = Debug|Any CPU
		{7C98383A-3983-4898-B3D9-2361A70404EF}.Debug|Any CPU.Build.0 = Debug|Any CPU
		{7C98383A-3983-4898-B3D9-2361A70404EF}.Release|Any CPU.ActiveCfg = Release|Any CPU
		{7C98383A-3983-4898-B3D9-2361A70404EF}.Release|Any CPU.Build.0 = Release|Any CPU
	EndGlobalSection
	GlobalSection(SolutionProperties) = preSolution
		HideSolutionNode = FALSE
	EndGlobalSection
	GlobalSection(ExtensibilityGlobals) = postSolution
		SolutionGuid = {F72F4021-9489-403A-8BFD-874F95B05E29}
	EndGlobalSection
EndGlobal
